{
  "name": "dotmd-cli",
  "version": "0.76.5",
  "lockfileVersion": 3,
  "requires": true,
  "packages": {
    "": {
      "name": "dotmd-cli",
      "version": "0.76.5",
      "hasInstallScript": true,
      "license": "MIT",
      "bin": {
        "dotmd": "bin/dotmd.mjs"
      },
      "engines": {
        "node": ">=20"
      }
    }
  }
}
